<?xml version="1.0" encoding="utf-8"?>
<Project ToolsVersion="4.0" xmlns="http://schemas.microsoft.com/developer/msbuild/2003">
  <ItemGroup>
    <Filter Include="Source Files">
      <UniqueIdentifier>{4FC737F1-C7A5-4376-A066-2A32D752A2FF}</UniqueIdentifier>
      <Extensions>cpp;c;cc;cxx;def;odl;idl;hpj;bat;asm;asmx</Extensions>
    </Filter>
    <Filter Include="Header Files">
      <UniqueIdentifier>{93995380-89BD-4b04-88EB-625FBE52EBFB}</UniqueIdentifier>
      <Extensions>h;hh;hpp;hxx;hm;inl;inc;ipp;xsd</Extensions>
    </Filter>
    <Filter Include="Resource Files">
      <UniqueIdentifier>{67DA6AB6-F800-4c08-8B7A-83BB121AAD01}</UniqueIdentifier>
      <Extensions>rc;ico;cur;bmp;dlg;rc2;rct;bin;rgs;gif;jpg;jpeg;jpe;resx;tiff;tif;png;wav;mfcribbon-ms</Extensions>
    </Filter>
    <Filter Include="Source Files\Player">
      <UniqueIdentifier>{2b3c9a7b-ba16-4bdf-bb7f-811a267df4a7}</UniqueIdentifier>
    </Filter>
    <Filter Include="Header Files\Player">
      <UniqueIdentifier>{59e40c8f-364b-4fbc-b25e-108eafbbf5ea}</UniqueIdentifier>
    </Filter>
    <Filter Include="Source Files\Player\States">
      <UniqueIdentifier>{45d4ac06-3aa6-4c1a-9580-0b8f8a216748}</UniqueIdentifier>
    </Filter>
    <Filter Include="Header Files\Player\States">
      <UniqueIdentifier>{0ab8acdf-13ee-4212-a065-c023090a9e2d}</UniqueIdentifier>
    </Filter>
    <Filter Include="Source Files\Engine">
      <UniqueIdentifier>{df11ad7b-2702-4a7b-a48b-afa2fc5aa589}</UniqueIdentifier>
    </Filter>
    <Filter Include="Header Files\Engine">
      <UniqueIdentifier>{0bcc62b1-0fcf-48b1-bc66-1cf3f8b3b522}</UniqueIdentifier>
    </Filter>
  </ItemGroup>
  <ItemGroup>
    <ClCompile Include="Main.cpp">
      <Filter>Source Files</Filter>
    </ClCompile>
    <ClCompile Include="PlayerData.cpp">
      <Filter>Source Files\Player</Filter>
    </ClCompile>
    <ClCompile Include="Player.cpp">
      <Filter>Source Files\Player</Filter>
    </ClCompile>
    <ClCompile Include="PlayerMoveLeftState.cpp">
      <Filter>Source Files\Player\States</Filter>
    </ClCompile>
    <ClCompile Include="PlayerMoveRightState.cpp">
      <Filter>Source Files\Player\States</Filter>
    </ClCompile>
    <ClCompile Include="PlayerNeutralState.cpp">
      <Filter>Source Files\Player\States</Filter>
    </ClCompile>
    <ClCompile Include="Update.cpp">
      <Filter>Source Files\Engine</Filter>
    </ClCompile>
    <ClCompile Include="Draw.cpp">
      <Filter>Source Files\Engine</Filter>
    </ClCompile>
    <ClCompile Include="Engine.cpp">
      <Filter>Source Files\Engine</Filter>
    </ClCompile>
    <ClCompile Include="Input.cpp">
      <Filter>Source Files\Engine</Filter>
    </ClCompile>
  </ItemGroup>
  <ItemGroup>
    <ClInclude Include="PlayerData.h">
      <Filter>Header Files\Player</Filter>
    </ClInclude>
    <ClInclude Include="Player.h">
      <Filter>Header Files\Player</Filter>
    </ClInclude>
    <ClInclude Include="PlayerMoveLeftState.h">
      <Filter>Header Files\Player\States</Filter>
    </ClInclude>
    <ClInclude Include="PlayerMoveRightState.h">
      <Filter>Header Files\Player\States</Filter>
    </ClInclude>
    <ClInclude Include="PlayerNeutralState.h">
      <Filter>Header Files\Player\States</Filter>
    </ClInclude>
    <ClInclude Include="PlayerState.h">
      <Filter>Header Files\Player\States</Filter>
    </ClInclude>
    <ClInclude Include="Engine.h">
      <Filter>Header Files\Engine</Filter>
    </ClInclude>
  </ItemGroup>
</Project>